// !$*UTF8*$!
{
	archiveVersion = 1;
	classes = {
	};
	objectVersion = 55;
	objects = {

/* Begin PBXBuildFile section */
		3A2245592835AB3C00798AE4 /* AppDelegate.swift in Sources */ = {isa = PBXBuildFile; fileRef = 3A2245582835AB3C00798AE4 /* AppDelegate.swift */; };
		3A22455B2835AB3C00798AE4 /* SceneDelegate.swift in Sources */ = {isa = PBXBuildFile; fileRef = 3A22455A2835AB3C00798AE4 /* SceneDelegate.swift */; };
		3A22455D2835AB3C00798AE4 /* ViewController.swift in Sources */ = {isa = PBXBuildFile; fileRef = 3A22455C2835AB3C00798AE4 /* ViewController.swift */; };
		3A2245602835AB3C00798AE4 /* Main.storyboard in Resources */ = {isa = PBXBuildFile; fileRef = 3A22455E2835AB3C00798AE4 /* Main.storyboard */; };
		3A2245632835AB3C00798AE4 /* WineRack.xcdatamodeld in Sources */ = {isa = PBXBuildFile; fileRef = 3A2245612835AB3C00798AE4 /* WineRack.xcdatamodeld */; };
		3A2245652835AB3D00798AE4 /* Assets.xcassets in Resources */ = {isa = PBXBuildFile; fileRef = 3A2245642835AB3D00798AE4 /* Assets.xcassets */; };
		3A2245682835AB3D00798AE4 /* LaunchScreen.storyboard in Resources */ = {isa = PBXBuildFile; fileRef = 3A2245662835AB3D00798AE4 /* LaunchScreen.storyboard */; };
		3A2245732835AB3D00798AE4 /* WineRackTests.swift in Sources */ = {isa = PBXBuildFile; fileRef = 3A2245722835AB3D00798AE4 /* WineRackTests.swift */; };
		3A22457D2835AB3D00798AE4 /* WineRackUITests.swift in Sources */ = {isa = PBXBuildFile; fileRef = 3A22457C2835AB3D00798AE4 /* WineRackUITests.swift */; };
		3A22457F2835AB3D00798AE4 /* WineRackUITestsLaunchTests.swift in Sources */ = {isa = PBXBuildFile; fileRef = 3A22457E2835AB3D00798AE4 /* WineRackUITestsLaunchTests.swift */; };
		3A22458C283686D600798AE4 /* GoogleService-Info.plist in Resources */ = {isa = PBXBuildFile; fileRef = 3A22458B283686D600798AE4 /* GoogleService-Info.plist */; };
		CDD2498484270F7340B8A5CB /* Pods_WineRack_WineRackUITests.framework in Frameworks */ = {isa = PBXBuildFile; fileRef = 49C36224296EEFBF8584FA24 /* Pods_WineRack_WineRackUITests.framework */; };
		D67C83DC2A0195E9FC1C50C0 /* Pods_WineRack.framework in Frameworks */ = {isa = PBXBuildFile; fileRef = CBD568870B4BFE6CBC85F97A /* Pods_WineRack.framework */; };
		FCF6889704512F55ED352C28 /* Pods_WineRackTests.framework in Frameworks */ = {isa = PBXBuildFile; fileRef = 8E2928007CEB93221D6E968A /* Pods_WineRackTests.framework */; };
/* End PBXBuildFile section */

/* Begin PBXContainerItemProxy section */
		3A22456F2835AB3D00798AE4 /* PBXContainerItemProxy */ = {
			isa = PBXContainerItemProxy;
			containerPortal = 3A22454D2835AB3C00798AE4 /* Project object */;
			proxyType = 1;
			remoteGlobalIDString = 3A2245542835AB3C00798AE4;
			remoteInfo = WineRack;
		};
		3A2245792835AB3D00798AE4 /* PBXContainerItemProxy */ = {
			isa = PBXContainerItemProxy;
			containerPortal = 3A22454D2835AB3C00798AE4 /* Project object */;
			proxyType = 1;
			remoteGlobalIDString = 3A2245542835AB3C00798AE4;
			remoteInfo = WineRack;
		};
/* End PBXContainerItemProxy section */

/* Begin PBXFileReference section */
		3411E9242C48ECFE5C1CF0A1 /* Pods-WineRackTests.debug.xcconfig */ = {isa = PBXFileReference; includeInIndex = 1; lastKnownFileType = text.xcconfig; name = "Pods-WineRackTests.debug.xcconfig"; path = "Target Support Files/Pods-WineRackTests/Pods-WineRackTests.debug.xcconfig"; sourceTree = "<group>"; };
		3473DFDB159DD6E938608BF5 /* Pods-WineRackTests.release.xcconfig */ = {isa = PBXFileReference; includeInIndex = 1; lastKnownFileType = text.xcconfig; name = "Pods-WineRackTests.release.xcconfig"; path = "Target Support Files/Pods-WineRackTests/Pods-WineRackTests.release.xcconfig"; sourceTree = "<group>"; };
		3679EAED26E60D631535F07C /* Pods-WineRack.debug.xcconfig */ = {isa = PBXFileReference; includeInIndex = 1; lastKnownFileType = text.xcconfig; name = "Pods-WineRack.debug.xcconfig"; path = "Target Support Files/Pods-WineRack/Pods-WineRack.debug.xcconfig"; sourceTree = "<group>"; };
		3A2245552835AB3C00798AE4 /* WineRack.app */ = {isa = PBXFileReference; explicitFileType = wrapper.application; includeInIndex = 0; path = WineRack.app; sourceTree = BUILT_PRODUCTS_DIR; };
		3A2245582835AB3C00798AE4 /* AppDelegate.swift */ = {isa = PBXFileReference; lastKnownFileType = sourcecode.swift; path = AppDelegate.swift; sourceTree = "<group>"; };
		3A22455A2835AB3C00798AE4 /* SceneDelegate.swift */ = {isa = PBXFileReference; lastKnownFileType = sourcecode.swift; path = SceneDelegate.swift; sourceTree = "<group>"; };
		3A22455C2835AB3C00798AE4 /* ViewController.swift */ = {isa = PBXFileReference; lastKnownFileType = sourcecode.swift; path = ViewController.swift; sourceTree = "<group>"; };
		3A22455F2835AB3C00798AE4 /* Base */ = {isa = PBXFileReference; lastKnownFileType = file.storyboard; name = Base; path = Base.lproj/Main.storyboard; sourceTree = "<group>"; };
		3A2245622835AB3C00798AE4 /* WineRack.xcdatamodel */ = {isa = PBXFileReference; lastKnownFileType = wrapper.xcdatamodel; path = WineRack.xcdatamodel; sourceTree = "<group>"; };
		3A2245642835AB3D00798AE4 /* Assets.xcassets */ = {isa = PBXFileReference; lastKnownFileType = folder.assetcatalog; path = Assets.xcassets; sourceTree = "<group>"; };
		3A2245672835AB3D00798AE4 /* Base */ = {isa = PBXFileReference; lastKnownFileType = file.storyboard; name = Base; path = Base.lproj/LaunchScreen.storyboard; sourceTree = "<group>"; };
		3A2245692835AB3D00798AE4 /* Info.plist */ = {isa = PBXFileReference; lastKnownFileType = text.plist.xml; path = Info.plist; sourceTree = "<group>"; };
		3A22456E2835AB3D00798AE4 /* WineRackTests.xctest */ = {isa = PBXFileReference; explicitFileType = wrapper.cfbundle; includeInIndex = 0; path = WineRackTests.xctest; sourceTree = BUILT_PRODUCTS_DIR; };
		3A2245722835AB3D00798AE4 /* WineRackTests.swift */ = {isa = PBXFileReference; lastKnownFileType = sourcecode.swift; path = WineRackTests.swift; sourceTree = "<group>"; };
		3A2245782835AB3D00798AE4 /* WineRackUITests.xctest */ = {isa = PBXFileReference; explicitFileType = wrapper.cfbundle; includeInIndex = 0; path = WineRackUITests.xctest; sourceTree = BUILT_PRODUCTS_DIR; };
		3A22457C2835AB3D00798AE4 /* WineRackUITests.swift */ = {isa = PBXFileReference; lastKnownFileType = sourcecode.swift; path = WineRackUITests.swift; sourceTree = "<group>"; };
		3A22457E2835AB3D00798AE4 /* WineRackUITestsLaunchTests.swift */ = {isa = PBXFileReference; lastKnownFileType = sourcecode.swift; path = WineRackUITestsLaunchTests.swift; sourceTree = "<group>"; };
		3A22458B283686D600798AE4 /* GoogleService-Info.plist */ = {isa = PBXFileReference; fileEncoding = 4; lastKnownFileType = text.plist.xml; path = "GoogleService-Info.plist"; sourceTree = "<group>"; };
		49C36224296EEFBF8584FA24 /* Pods_WineRack_WineRackUITests.framework */ = {isa = PBXFileReference; explicitFileType = wrapper.framework; includeInIndex = 0; path = Pods_WineRack_WineRackUITests.framework; sourceTree = BUILT_PRODUCTS_DIR; };
		8E2928007CEB93221D6E968A /* Pods_WineRackTests.framework */ = {isa = PBXFileReference; explicitFileType = wrapper.framework; includeInIndex = 0; path = Pods_WineRackTests.framework; sourceTree = BUILT_PRODUCTS_DIR; };
		A54AA70D46A0ED22313910EF /* Pods-WineRack-WineRackUITests.release.xcconfig */ = {isa = PBXFileReference; includeInIndex = 1; lastKnownFileType = text.xcconfig; name = "Pods-WineRack-WineRackUITests.release.xcconfig"; path = "Target Support Files/Pods-WineRack-WineRackUITests/Pods-WineRack-WineRackUITests.release.xcconfig"; sourceTree = "<group>"; };
		A59AC23358A7DAFB9932F7A2 /* Pods-WineRack-WineRackUITests.debug.xcconfig */ = {isa = PBXFileReference; includeInIndex = 1; lastKnownFileType = text.xcconfig; name = "Pods-WineRack-WineRackUITests.debug.xcconfig"; path = "Target Support Files/Pods-WineRack-WineRackUITests/Pods-WineRack-WineRackUITests.debug.xcconfig"; sourceTree = "<group>"; };
		CBD568870B4BFE6CBC85F97A /* Pods_WineRack.framework */ = {isa = PBXFileReference; explicitFileType = wrapper.framework; includeInIndex = 0; path = Pods_WineRack.framework; sourceTree = BUILT_PRODUCTS_DIR; };
		F28DD0AADE809B2A8366AB42 /* Pods-WineRack.release.xcconfig */ = {isa = PBXFileReference; includeInIndex = 1; lastKnownFileType = text.xcconfig; name = "Pods-WineRack.release.xcconfig"; path = "Target Support Files/Pods-WineRack/Pods-WineRack.release.xcconfig"; sourceTree = "<group>"; };
/* End PBXFileReference section */

/* Begin PBXFrameworksBuildPhase section */
		3A2245522835AB3C00798AE4 /* Frameworks */ = {
			isa = PBXFrameworksBuildPhase;
			buildActionMask = 2147483647;
			files = (
				D67C83DC2A0195E9FC1C50C0 /* Pods_WineRack.framework in Frameworks */,
			);
			runOnlyForDeploymentPostprocessing = 0;
		};
		3A22456B2835AB3D00798AE4 /* Frameworks */ = {
			isa = PBXFrameworksBuildPhase;
			buildActionMask = 2147483647;
			files = (
				FCF6889704512F55ED352C28 /* Pods_WineRackTests.framework in Frameworks */,
			);
			runOnlyForDeploymentPostprocessing = 0;
		};
		3A2245752835AB3D00798AE4 /* Frameworks */ = {
			isa = PBXFrameworksBuildPhase;
			buildActionMask = 2147483647;
			files = (
				CDD2498484270F7340B8A5CB /* Pods_WineRack_WineRackUITests.framework in Frameworks */,
			);
			runOnlyForDeploymentPostprocessing = 0;
		};
/* End PBXFrameworksBuildPhase section */

/* Begin PBXGroup section */
		3A22454C2835AB3C00798AE4 = {
			isa = PBXGroup;
			children = (
				3A2245572835AB3C00798AE4 /* WineRack */,
				3A2245712835AB3D00798AE4 /* WineRackTests */,
				3A22457B2835AB3D00798AE4 /* WineRackUITests */,
				3A2245562835AB3C00798AE4 /* Products */,
				AFE89541D3430CD5C358546D /* Pods */,
				93906CCE6649E86901CBDA4D /* Frameworks */,
			);
			sourceTree = "<group>";
		};
		3A2245562835AB3C00798AE4 /* Products */ = {
			isa = PBXGroup;
			children = (
				3A2245552835AB3C00798AE4 /* WineRack.app */,
				3A22456E2835AB3D00798AE4 /* WineRackTests.xctest */,
				3A2245782835AB3D00798AE4 /* WineRackUITests.xctest */,
			);
			name = Products;
			sourceTree = "<group>";
		};
		3A2245572835AB3C00798AE4 /* WineRack */ = {
			isa = PBXGroup;
			children = (
				3A2245582835AB3C00798AE4 /* AppDelegate.swift */,
				3A22455A2835AB3C00798AE4 /* SceneDelegate.swift */,
				3A22455C2835AB3C00798AE4 /* ViewController.swift */,
				3A22455E2835AB3C00798AE4 /* Main.storyboard */,
				3A2245642835AB3D00798AE4 /* Assets.xcassets */,
				3A2245662835AB3D00798AE4 /* LaunchScreen.storyboard */,
				3A2245692835AB3D00798AE4 /* Info.plist */,
				3A2245612835AB3C00798AE4 /* WineRack.xcdatamodeld */,
				3A22458B283686D600798AE4 /* GoogleService-Info.plist */,
			);
			path = WineRack;
			sourceTree = "<group>";
		};
		3A2245712835AB3D00798AE4 /* WineRackTests */ = {
			isa = PBXGroup;
			children = (
				3A2245722835AB3D00798AE4 /* WineRackTests.swift */,
			);
			path = WineRackTests;
			sourceTree = "<group>";
		};
		3A22457B2835AB3D00798AE4 /* WineRackUITests */ = {
			isa = PBXGroup;
			children = (
				3A22457C2835AB3D00798AE4 /* WineRackUITests.swift */,
				3A22457E2835AB3D00798AE4 /* WineRackUITestsLaunchTests.swift */,
			);
			path = WineRackUITests;
			sourceTree = "<group>";
		};
		93906CCE6649E86901CBDA4D /* Frameworks */ = {
			isa = PBXGroup;
			children = (
				CBD568870B4BFE6CBC85F97A /* Pods_WineRack.framework */,
				49C36224296EEFBF8584FA24 /* Pods_WineRack_WineRackUITests.framework */,
				8E2928007CEB93221D6E968A /* Pods_WineRackTests.framework */,
			);
			name = Frameworks;
			sourceTree = "<group>";
		};
		AFE89541D3430CD5C358546D /* Pods */ = {
			isa = PBXGroup;
			children = (
				3679EAED26E60D631535F07C /* Pods-WineRack.debug.xcconfig */,
				F28DD0AADE809B2A8366AB42 /* Pods-WineRack.release.xcconfig */,
				A59AC23358A7DAFB9932F7A2 /* Pods-WineRack-WineRackUITests.debug.xcconfig */,
				A54AA70D46A0ED22313910EF /* Pods-WineRack-WineRackUITests.release.xcconfig */,
				3411E9242C48ECFE5C1CF0A1 /* Pods-WineRackTests.debug.xcconfig */,
				3473DFDB159DD6E938608BF5 /* Pods-WineRackTests.release.xcconfig */,
			);
			name = Pods;
			path = Pods;
			sourceTree = "<group>";
		};
/* End PBXGroup section */

/* Begin PBXNativeTarget section */
		3A2245542835AB3C00798AE4 /* WineRack */ = {
			isa = PBXNativeTarget;
			buildConfigurationList = 3A2245822835AB3D00798AE4 /* Build configuration list for PBXNativeTarget "WineRack" */;
			buildPhases = (
				D5E0A6B6315EC1097155F538 /* [CP] Check Pods Manifest.lock */,
				3A2245512835AB3C00798AE4 /* Sources */,
				3A2245522835AB3C00798AE4 /* Frameworks */,
				3A2245532835AB3C00798AE4 /* Resources */,
				C4483E1F7CEAC5B3DA6FFCA8 /* [CP] Embed Pods Frameworks */,
			);
			buildRules = (
			);
			dependencies = (
			);
			name = WineRack;
			productName = WineRack;
			productReference = 3A2245552835AB3C00798AE4 /* WineRack.app */;
			productType = "com.apple.product-type.application";
		};
		3A22456D2835AB3D00798AE4 /* WineRackTests */ = {
			isa = PBXNativeTarget;
			buildConfigurationList = 3A2245852835AB3D00798AE4 /* Build configuration list for PBXNativeTarget "WineRackTests" */;
			buildPhases = (
				C6C257418487C33EA49BFBA5 /* [CP] Check Pods Manifest.lock */,
				3A22456A2835AB3D00798AE4 /* Sources */,
				3A22456B2835AB3D00798AE4 /* Frameworks */,
				3A22456C2835AB3D00798AE4 /* Resources */,
			);
			buildRules = (
			);
			dependencies = (
				3A2245702835AB3D00798AE4 /* PBXTargetDependency */,
			);
			name = WineRackTests;
			productName = WineRackTests;
			productReference = 3A22456E2835AB3D00798AE4 /* WineRackTests.xctest */;
			productType = "com.apple.product-type.bundle.unit-test";
		};
		3A2245772835AB3D00798AE4 /* WineRackUITests */ = {
			isa = PBXNativeTarget;
			buildConfigurationList = 3A2245882835AB3D00798AE4 /* Build configuration list for PBXNativeTarget "WineRackUITests" */;
			buildPhases = (
				CDB7E3B674DD9A0F69C44ADB /* [CP] Check Pods Manifest.lock */,
				3A2245742835AB3D00798AE4 /* Sources */,
				3A2245752835AB3D00798AE4 /* Frameworks */,
				3A2245762835AB3D00798AE4 /* Resources */,
				86F10D1363D48DF9B7B93517 /* [CP] Embed Pods Frameworks */,
			);
			buildRules = (
			);
			dependencies = (
				3A22457A2835AB3D00798AE4 /* PBXTargetDependency */,
			);
			name = WineRackUITests;
			productName = WineRackUITests;
			productReference = 3A2245782835AB3D00798AE4 /* WineRackUITests.xctest */;
			productType = "com.apple.product-type.bundle.ui-testing";
		};
/* End PBXNativeTarget section */

/* Begin PBXProject section */
		3A22454D2835AB3C00798AE4 /* Project object */ = {
			isa = PBXProject;
			attributes = {
				BuildIndependentTargetsInParallel = 1;
				LastSwiftUpdateCheck = 1330;
				LastUpgradeCheck = 1330;
				TargetAttributes = {
					3A2245542835AB3C00798AE4 = {
						CreatedOnToolsVersion = 13.3;
					};
					3A22456D2835AB3D00798AE4 = {
						CreatedOnToolsVersion = 13.3;
						TestTargetID = 3A2245542835AB3C00798AE4;
					};
					3A2245772835AB3D00798AE4 = {
						CreatedOnToolsVersion = 13.3;
						TestTargetID = 3A2245542835AB3C00798AE4;
					};
				};
			};
			buildConfigurationList = 3A2245502835AB3C00798AE4 /* Build configuration list for PBXProject "WineRack" */;
			compatibilityVersion = "Xcode 13.0";
			developmentRegion = en;
			hasScannedForEncodings = 0;
			knownRegions = (
				en,
				Base,
			);
			mainGroup = 3A22454C2835AB3C00798AE4;
			productRefGroup = 3A2245562835AB3C00798AE4 /* Products */;
			projectDirPath = "";
			projectRoot = "";
			targets = (
				3A2245542835AB3C00798AE4 /* WineRack */,
				3A22456D2835AB3D00798AE4 /* WineRackTests */,
				3A2245772835AB3D00798AE4 /* WineRackUITests */,
			);
		};
/* End PBXProject section */

/* Begin PBXResourcesBuildPhase section */
		3A2245532835AB3C00798AE4 /* Resources */ = {
			isa = PBXResourcesBuildPhase;
			buildActionMask = 2147483647;
			files = (
				3A2245682835AB3D00798AE4 /* LaunchScreen.storyboard in Resources */,
				3A22458C283686D600798AE4 /* GoogleService-Info.plist in Resources */,
				3A2245652835AB3D00798AE4 /* Assets.xcassets in Resources */,
				3A2245602835AB3C00798AE4 /* Main.storyboard in Resources */,
			);
			runOnlyForDeploymentPostprocessing = 0;
		};
		3A22456C2835AB3D00798AE4 /* Resources */ = {
			isa = PBXResourcesBuildPhase;
			buildActionMask = 2147483647;
			files = (
			);
			runOnlyForDeploymentPostprocessing = 0;
		};
		3A2245762835AB3D00798AE4 /* Resources */ = {
			isa = PBXResourcesBuildPhase;
			buildActionMask = 2147483647;
			files = (
			);
			runOnlyForDeploymentPostprocessing = 0;
		};
/* End PBXResourcesBuildPhase section */

/* Begin PBXShellScriptBuildPhase section */
		86F10D1363D48DF9B7B93517 /* [CP] Embed Pods Frameworks */ = {
			isa = PBXShellScriptBuildPhase;
			buildActionMask = 2147483647;
			files = (
			);
			inputFileListPaths = (
				"${PODS_ROOT}/Target Support Files/Pods-WineRack-WineRackUITests/Pods-WineRack-WineRackUITests-frameworks-${CONFIGURATION}-input-files.xcfilelist",
			);
			name = "[CP] Embed Pods Frameworks";
			outputFileListPaths = (
				"${PODS_ROOT}/Target Support Files/Pods-WineRack-WineRackUITests/Pods-WineRack-WineRackUITests-frameworks-${CONFIGURATION}-output-files.xcfilelist",
			);
			runOnlyForDeploymentPostprocessing = 0;
			shellPath = /bin/sh;
			shellScript = "\"${PODS_ROOT}/Target Support Files/Pods-WineRack-WineRackUITests/Pods-WineRack-WineRackUITests-frameworks.sh\"\n";
			showEnvVarsInLog = 0;
		};
		C4483E1F7CEAC5B3DA6FFCA8 /* [CP] Embed Pods Frameworks */ = {
			isa = PBXShellScriptBuildPhase;
			buildActionMask = 2147483647;
			files = (
			);
			inputFileListPaths = (
				"${PODS_ROOT}/Target Support Files/Pods-WineRack/Pods-WineRack-frameworks-${CONFIGURATION}-input-files.xcfilelist",
			);
			name = "[CP] Embed Pods Frameworks";
			outputFileListPaths = (
				"${PODS_ROOT}/Target Support Files/Pods-WineRack/Pods-WineRack-frameworks-${CONFIGURATION}-output-files.xcfilelist",
			);
			runOnlyForDeploymentPostprocessing = 0;
			shellPath = /bin/sh;
			shellScript = "\"${PODS_ROOT}/Target Support Files/Pods-WineRack/Pods-WineRack-frameworks.sh\"\n";
			showEnvVarsInLog = 0;
		};
		C6C257418487C33EA49BFBA5 /* [CP] Check Pods Manifest.lock */ = {
			isa = PBXShellScriptBuildPhase;
			buildActionMask = 2147483647;
			files = (
			);
			inputFileListPaths = (
			);
			inputPaths = (
				"${PODS_PODFILE_DIR_PATH}/Podfile.lock",
				"${PODS_ROOT}/Manifest.lock",
			);
			name = "[CP] Check Pods Manifest.lock";
			outputFileListPaths = (
			);
			outputPaths = (
				"$(DERIVED_FILE_DIR)/Pods-WineRackTests-checkManifestLockResult.txt",
			);
			runOnlyForDeploymentPostprocessing = 0;
			shellPath = /bin/sh;
			shellScript = "diff \"${PODS_PODFILE_DIR_PATH}/Podfile.lock\" \"${PODS_ROOT}/Manifest.lock\" > /dev/null\nif [ $? != 0 ] ; then\n    # print error to STDERR\n    echo \"error: The sandbox is not in sync with the Podfile.lock. Run 'pod install' or update your CocoaPods installation.\" >&2\n    exit 1\nfi\n# This output is used by Xcode 'outputs' to avoid re-running this script phase.\necho \"SUCCESS\" > \"${SCRIPT_OUTPUT_FILE_0}\"\n";
			showEnvVarsInLog = 0;
		};
		CDB7E3B674DD9A0F69C44ADB /* [CP] Check Pods Manifest.lock */ = {
			isa = PBXShellScriptBuildPhase;
			buildActionMask = 2147483647;
			files = (
			);
			inputFileListPaths = (
			);
			inputPaths = (
				"${PODS_PODFILE_DIR_PATH}/Podfile.lock",
				"${PODS_ROOT}/Manifest.lock",
			);
			name = "[CP] Check Pods Manifest.lock";
			outputFileListPaths = (
			);
			outputPaths = (
				"$(DERIVED_FILE_DIR)/Pods-WineRack-WineRackUITests-checkManifestLockResult.txt",
			);
			runOnlyForDeploymentPostprocessing = 0;
			shellPath = /bin/sh;
			shellScript = "diff \"${PODS_PODFILE_DIR_PATH}/Podfile.lock\" \"${PODS_ROOT}/Manifest.lock\" > /dev/null\nif [ $? != 0 ] ; then\n    # print error to STDERR\n    echo \"error: The sandbox is not in sync with the Podfile.lock. Run 'pod install' or update your CocoaPods installation.\" >&2\n    exit 1\nfi\n# This output is used by Xcode 'outputs' to avoid re-running this script phase.\necho \"SUCCESS\" > \"${SCRIPT_OUTPUT_FILE_0}\"\n";
			showEnvVarsInLog = 0;
		};
		D5E0A6B6315EC1097155F538 /* [CP] Check Pods Manifest.lock */ = {
			isa = PBXShellScriptBuildPhase;
			buildActionMask = 2147483647;
			files = (
			);
			inputFileListPaths = (
			);
			inputPaths = (
				"${PODS_PODFILE_DIR_PATH}/Podfile.lock",
				"${PODS_ROOT}/Manifest.lock",
			);
			name = "[CP] Check Pods Manifest.lock";
			outputFileListPaths = (
			);
			outputPaths = (
				"$(DERIVED_FILE_DIR)/Pods-WineRack-checkManifestLockResult.txt",
			);
			runOnlyForDeploymentPostprocessing = 0;
			shellPath = /bin/sh;
			shellScript = "diff \"${PODS_PODFILE_DIR_PATH}/Podfile.lock\" \"${PODS_ROOT}/Manifest.lock\" > /dev/null\nif [ $? != 0 ] ; then\n    # print error to STDERR\n    echo \"error: The sandbox is not in sync with the Podfile.lock. Run 'pod install' or update your CocoaPods installation.\" >&2\n    exit 1\nfi\n# This output is used by Xcode 'outputs' to avoid re-running this script phase.\necho \"SUCCESS\" > \"${SCRIPT_OUTPUT_FILE_0}\"\n";
			showEnvVarsInLog = 0;
		};
/* End PBXShellScriptBuildPhase section */

/* Begin PBXSourcesBuildPhase section */
		3A2245512835AB3C00798AE4 /* Sources */ = {
			isa = PBXSourcesBuildPhase;
			buildActionMask = 2147483647;
			files = (
				3A22455D2835AB3C00798AE4 /* ViewController.swift in Sources */,
				3A2245632835AB3C00798AE4 /* WineRack.xcdatamodeld in Sources */,
				3A2245592835AB3C00798AE4 /* AppDelegate.swift in Sources */,
				3A22455B2835AB3C00798AE4 /* SceneDelegate.swift in Sources */,
			);
			runOnlyForDeploymentPostprocessing = 0;
		};
		3A22456A2835AB3D00798AE4 /* Sources */ = {
			isa = PBXSourcesBuildPhase;
			buildActionMask = 2147483647;
			files = (
				3A2245732835AB3D00798AE4 /* WineRackTests.swift in Sources */,
			);
			runOnlyForDeploymentPostprocessing = 0;
		};
		3A2245742835AB3D00798AE4 /* Sources */ = {
			isa = PBXSourcesBuildPhase;
			buildActionMask = 2147483647;
			files = (
				3A22457F2835AB3D00798AE4 /* WineRackUITestsLaunchTests.swift in Sources */,
				3A22457D2835AB3D00798AE4 /* WineRackUITests.swift in Sources */,
			);
			runOnlyForDeploymentPostprocessing = 0;
		};
/* End PBXSourcesBuildPhase section */

/* Begin PBXTargetDependency section */
		3A2245702835AB3D00798AE4 /* PBXTargetDependency */ = {
			isa = PBXTargetDependency;
			target = 3A2245542835AB3C00798AE4 /* WineRack */;
			targetProxy = 3A22456F2835AB3D00798AE4 /* PBXContainerItemProxy */;
		};
		3A22457A2835AB3D00798AE4 /* PBXTargetDependency */ = {
			isa = PBXTargetDependency;
			target = 3A2245542835AB3C00798AE4 /* WineRack */;
			targetProxy = 3A2245792835AB3D00798AE4 /* PBXContainerItemProxy */;
		};
/* End PBXTargetDependency section */

/* Begin PBXVariantGroup section */
		3A22455E2835AB3C00798AE4 /* Main.storyboard */ = {
			isa = PBXVariantGroup;
			children = (
				3A22455F2835AB3C00798AE4 /* Base */,
			);
			name = Main.storyboard;
			sourceTree = "<group>";
		};
		3A2245662835AB3D00798AE4 /* LaunchScreen.storyboard */ = {
			isa = PBXVariantGroup;
			children = (
				3A2245672835AB3D00798AE4 /* Base */,
			);
			name = LaunchScreen.storyboard;
			sourceTree = "<group>";
		};
/* End PBXVariantGroup section */

/* Begin XCBuildConfiguration section */
		3A2245802835AB3D00798AE4 /* Debug */ = {
			isa = XCBuildConfiguration;
			buildSettings = {
				ALWAYS_SEARCH_USER_PATHS = NO;
				CLANG_ANALYZER_NONNULL = YES;
				CLANG_ANALYZER_NUMBER_OBJECT_CONVERSION = YES_AGGRESSIVE;
				CLANG_CXX_LANGUAGE_STANDARD = "gnu++17";
				CLANG_ENABLE_MODULES = YES;
				CLANG_ENABLE_OBJC_ARC = YES;
				CLANG_ENABLE_OBJC_WEAK = YES;
				CLANG_WARN_BLOCK_CAPTURE_AUTORELEASING = YES;
				CLANG_WARN_BOOL_CONVERSION = YES;
				CLANG_WARN_COMMA = YES;
				CLANG_WARN_CONSTANT_CONVERSION = YES;
				CLANG_WARN_DEPRECATED_OBJC_IMPLEMENTATIONS = YES;
				CLANG_WARN_DIRECT_OBJC_ISA_USAGE = YES_ERROR;
				CLANG_WARN_DOCUMENTATION_COMMENTS = YES;
				CLANG_WARN_EMPTY_BODY = YES;
				CLANG_WARN_ENUM_CONVERSION = YES;
				CLANG_WARN_INFINITE_RECURSION = YES;
				CLANG_WARN_INT_CONVERSION = YES;
				CLANG_WARN_NON_LITERAL_NULL_CONVERSION = YES;
				CLANG_WARN_OBJC_IMPLICIT_RETAIN_SELF = YES;
				CLANG_WARN_OBJC_LITERAL_CONVERSION = YES;
				CLANG_WARN_OBJC_ROOT_CLASS = YES_ERROR;
				CLANG_WARN_QUOTED_INCLUDE_IN_FRAMEWORK_HEADER = YES;
				CLANG_WARN_RANGE_LOOP_ANALYSIS = YES;
				CLANG_WARN_STRICT_PROTOTYPES = YES;
				CLANG_WARN_SUSPICIOUS_MOVE = YES;
				CLANG_WARN_UNGUARDED_AVAILABILITY = YES_AGGRESSIVE;
				CLANG_WARN_UNREACHABLE_CODE = YES;
				CLANG_WARN__DUPLICATE_METHOD_MATCH = YES;
				COPY_PHASE_STRIP = NO;
				DEBUG_INFORMATION_FORMAT = dwarf;
				ENABLE_STRICT_OBJC_MSGSEND = YES;
				ENABLE_TESTABILITY = YES;
				GCC_C_LANGUAGE_STANDARD = gnu11;
				GCC_DYNAMIC_NO_PIC = NO;
				GCC_NO_COMMON_BLOCKS = YES;
				GCC_OPTIMIZATION_LEVEL = 0;
				GCC_PREPROCESSOR_DEFINITIONS = (
					"DEBUG=1",
					"$(inherited)",
				);
				GCC_WARN_64_TO_32_BIT_CONVERSION = YES;
				GCC_WARN_ABOUT_RETURN_TYPE = YES_ERROR;
				GCC_WARN_UNDECLARED_SELECTOR = YES;
				GCC_WARN_UNINITIALIZED_AUTOS = YES_AGGRESSIVE;
				GCC_WARN_UNUSED_FUNCTION = YES;
				GCC_WARN_UNUSED_VARIABLE = YES;
				IPHONEOS_DEPLOYMENT_TARGET = 15.4;
				MTL_ENABLE_DEBUG_INFO = INCLUDE_SOURCE;
				MTL_FAST_MATH = YES;
				ONLY_ACTIVE_ARCH = YES;
				SDKROOT = iphoneos;
				SWIFT_ACTIVE_COMPILATION_CONDITIONS = DEBUG;
				SWIFT_OPTIMIZATION_LEVEL = "-Onone";
			};
			name = Debug;
		};
		3A2245812835AB3D00798AE4 /* Release */ = {
			isa = XCBuildConfiguration;
			buildSettings = {
				ALWAYS_SEARCH_USER_PATHS = NO;
				CLANG_ANALYZER_NONNULL = YES;
				CLANG_ANALYZER_NUMBER_OBJECT_CONVERSION = YES_AGGRESSIVE;
				CLANG_CXX_LANGUAGE_STANDARD = "gnu++17";
				CLANG_ENABLE_MODULES = YES;
				CLANG_ENABLE_OBJC_ARC = YES;
				CLANG_ENABLE_OBJC_WEAK = YES;
				CLANG_WARN_BLOCK_CAPTURE_AUTORELEASING = YES;
				CLANG_WARN_BOOL_CONVERSION = YES;
				CLANG_WARN_COMMA = YES;
				CLANG_WARN_CONSTANT_CONVERSION = YES;
				CLANG_WARN_DEPRECATED_OBJC_IMPLEMENTATIONS = YES;
				CLANG_WARN_DIRECT_OBJC_ISA_USAGE = YES_ERROR;
				CLANG_WARN_DOCUMENTATION_COMMENTS = YES;
				CLANG_WARN_EMPTY_BODY = YES;
				CLANG_WARN_ENUM_CONVERSION = YES;
				CLANG_WARN_INFINITE_RECURSION = YES;
				CLANG_WARN_INT_CONVERSION = YES;
				CLANG_WARN_NON_LITERAL_NULL_CONVERSION = YES;
				CLANG_WARN_OBJC_IMPLICIT_RETAIN_SELF = YES;
				CLANG_WARN_OBJC_LITERAL_CONVERSION = YES;
				CLANG_WARN_OBJC_ROOT_CLASS = YES_ERROR;
				CLANG_WARN_QUOTED_INCLUDE_IN_FRAMEWORK_HEADER = YES;
				CLANG_WARN_RANGE_LOOP_ANALYSIS = YES;
				CLANG_WARN_STRICT_PROTOTYPES = YES;
				CLANG_WARN_SUSPICIOUS_MOVE = YES;
				CLANG_WARN_UNGUARDED_AVAILABILITY = YES_AGGRESSIVE;
				CLANG_WARN_UNREACHABLE_CODE = YES;
				CLANG_WARN__DUPLICATE_METHOD_MATCH = YES;
				COPY_PHASE_STRIP = NO;
				DEBUG_INFORMATION_FORMAT = "dwarf-with-dsym";
				ENABLE_NS_ASSERTIONS = NO;
				ENABLE_STRICT_OBJC_MSGSEND = YES;
				GCC_C_LANGUAGE_STANDARD = gnu11;
				GCC_NO_COMMON_BLOCKS = YES;
				GCC_WARN_64_TO_32_BIT_CONVERSION = YES;
				GCC_WARN_ABOUT_RETURN_TYPE = YES_ERROR;
				GCC_WARN_UNDECLARED_SELECTOR = YES;
				GCC_WARN_UNINITIALIZED_AUTOS = YES_AGGRESSIVE;
				GCC_WARN_UNUSED_FUNCTION = YES;
				GCC_WARN_UNUSED_VARIABLE = YES;
				IPHONEOS_DEPLOYMENT_TARGET = 15.4;
				MTL_ENABLE_DEBUG_INFO = NO;
				MTL_FAST_MATH = YES;
				SDKROOT = iphoneos;
				SWIFT_COMPILATION_MODE = wholemodule;
				SWIFT_OPTIMIZATION_LEVEL = "-O";
				VALIDATE_PRODUCT = YES;
			};
			name = Release;
		};
		3A2245832835AB3D00798AE4 /* Debug */ = {
			isa = XCBuildConfiguration;
			baseConfigurationReference = 3679EAED26E60D631535F07C /* Pods-WineRack.debug.xcconfig */;
			buildSettings = {
				ASSETCATALOG_COMPILER_APPICON_NAME = AppIcon;
				ASSETCATALOG_COMPILER_GLOBAL_ACCENT_COLOR_NAME = AccentColor;
				CODE_SIGN_STYLE = Automatic;
				CURRENT_PROJECT_VERSION = 1;
				DEVELOPMENT_TEAM = V2H75DGNY6;
				GENERATE_INFOPLIST_FILE = YES;
				INFOPLIST_FILE = WineRack/Info.plist;
				INFOPLIST_KEY_UIApplicationSupportsIndirectInputEvents = YES;
				INFOPLIST_KEY_UILaunchStoryboardName = LaunchScreen;
				INFOPLIST_KEY_UIMainStoryboardFile = Main;
				INFOPLIST_KEY_UISupportedInterfaceOrientations_iPad = "UIInterfaceOrientationPortrait UIInterfaceOrientationPortraitUpsideDown UIInterfaceOrientationLandscapeLeft UIInterfaceOrientationLandscapeRight";
				INFOPLIST_KEY_UISupportedInterfaceOrientations_iPhone = "UIInterfaceOrientationPortrait UIInterfaceOrientationLandscapeLeft UIInterfaceOrientationLandscapeRight";
				LD_RUNPATH_SEARCH_PATHS = (
					"$(inherited)",
					"@executable_path/Frameworks",
				);
				MARKETING_VERSION = 1.0;
				PRODUCT_BUNDLE_IDENTIFIER = wwcc.WineRack;
				PRODUCT_NAME = "$(TARGET_NAME)";
				SWIFT_EMIT_LOC_STRINGS = YES;
				SWIFT_VERSION = 5.0;
				TARGETED_DEVICE_FAMILY = "1,2";
			};
			name = Debug;
		};
		3A2245842835AB3D00798AE4 /* Release */ = {
			isa = XCBuildConfiguration;
			baseConfigurationReference = F28DD0AADE809B2A8366AB42 /* Pods-WineRack.release.xcconfig */;
			buildSettings = {
				ASSETCATALOG_COMPILER_APPICON_NAME = AppIcon;
				ASSETCATALOG_COMPILER_GLOBAL_ACCENT_COLOR_NAME = AccentColor;
				CODE_SIGN_STYLE = Automatic;
				CURRENT_PROJECT_VERSION = 1;
				DEVELOPMENT_TEAM = V2H75DGNY6;
				GENERATE_INFOPLIST_FILE = YES;
				INFOPLIST_FILE = WineRack/Info.plist;
				INFOPLIST_KEY_UIApplicationSupportsIndirectInputEvents = YES;
				INFOPLIST_KEY_UILaunchStoryboardName = LaunchScreen;
				INFOPLIST_KEY_UIMainStoryboardFile = Main;
				INFOPLIST_KEY_UISupportedInterfaceOrientations_iPad = "UIInterfaceOrientationPortrait UIInterfaceOrientationPortraitUpsideDown UIInterfaceOrientationLandscapeLeft UIInterfaceOrientationLandscapeRight";
				INFOPLIST_KEY_UISupportedInterfaceOrientations_iPhone = "UIInterfaceOrientationPortrait UIInterfaceOrientationLandscapeLeft UIInterfaceOrientationLandscapeRight";
				LD_RUNPATH_SEARCH_PATHS = (
					"$(inherited)",
					"@executable_path/Frameworks",
				);
				MARKETING_VERSION = 1.0;
				PRODUCT_BUNDLE_IDENTIFIER = wwcc.WineRack;
				PRODUCT_NAME = "$(TARGET_NAME)";
				SWIFT_EMIT_LOC_STRINGS = YES;
				SWIFT_VERSION = 5.0;
				TARGETED_DEVICE_FAMILY = "1,2";
			};
			name = Release;
		};
		3A2245862835AB3D00798AE4 /* Debug */ = {
			isa = XCBuildConfiguration;
			baseConfigurationReference = 3411E9242C48ECFE5C1CF0A1 /* Pods-WineRackTests.debug.xcconfig */;
			buildSettings = {
				ALWAYS_EMBED_SWIFT_STANDARD_LIBRARIES = YES;
				BUNDLE_LOADER = "$(TEST_HOST)";
				CODE_SIGN_STYLE = Automatic;
				CURRENT_PROJECT_VERSION = 1;
				DEVELOPMENT_TEAM = V2H75DGNY6;
				GENERATE_INFOPLIST_FILE = YES;
				IPHONEOS_DEPLOYMENT_TARGET = 15.4;
				MARKETING_VERSION = 1.0;
				PRODUCT_BUNDLE_IDENTIFIER = wwcc.WineRackTests;
				PRODUCT_NAME = "$(TARGET_NAME)";
				SWIFT_EMIT_LOC_STRINGS = NO;
				SWIFT_VERSION = 5.0;
				TARGETED_DEVICE_FAMILY = "1,2";
				TEST_HOST = "$(BUILT_PRODUCTS_DIR)/WineRack.app/WineRack";
			};
			name = Debug;
		};
		3A2245872835AB3D00798AE4 /* Release */ = {
			isa = XCBuildConfiguration;
			baseConfigurationReference = 3473DFDB159DD6E938608BF5 /* Pods-WineRackTests.release.xcconfig */;
			buildSettings = {
				ALWAYS_EMBED_SWIFT_STANDARD_LIBRARIES = YES;
				BUNDLE_LOADER = "$(TEST_HOST)";
				CODE_SIGN_STYLE = Automatic;
				CURRENT_PROJECT_VERSION = 1;
				DEVELOPMENT_TEAM = V2H75DGNY6;
				GENERATE_INFOPLIST_FILE = YES;
				IPHONEOS_DEPLOYMENT_TARGET = 15.4;
				MARKETING_VERSION = 1.0;
				PRODUCT_BUNDLE_IDENTIFIER = wwcc.WineRackTests;
				PRODUCT_NAME = "$(TARGET_NAME)";
				SWIFT_EMIT_LOC_STRINGS = NO;
				SWIFT_VERSION = 5.0;
				TARGETED_DEVICE_FAMILY = "1,2";
				TEST_HOST = "$(BUILT_PRODUCTS_DIR)/WineRack.app/WineRack";
			};
			name = Release;
		};
		3A2245892835AB3D00798AE4 /* Debug */ = {
			isa = XCBuildConfiguration;
			baseConfigurationReference = A59AC23358A7DAFB9932F7A2 /* Pods-WineRack-WineRackUITests.debug.xcconfig */;
			buildSettings = {
				ALWAYS_EMBED_SWIFT_STANDARD_LIBRARIES = YES;
				CODE_SIGN_STYLE = Automatic;
				CURRENT_PROJECT_VERSION = 1;
				DEVELOPMENT_TEAM = V2H75DGNY6;
				GENERATE_INFOPLIST_FILE = YES;
				MARKETING_VERSION = 1.0;
				PRODUCT_BUNDLE_IDENTIFIER = wwcc.WineRackUITests;
				PRODUCT_NAME = "$(TARGET_NAME)";
				SWIFT_EMIT_LOC_STRINGS = NO;
				SWIFT_VERSION = 5.0;
				TARGETED_DEVICE_FAMILY = "1,2";
				TEST_TARGET_NAME = WineRack;
			};
			name = Debug;
		};
		3A22458A2835AB3D00798AE4 /* Release */ = {
			isa = XCBuildConfiguration;
			baseConfigurationReference = A54AA70D46A0ED22313910EF /* Pods-WineRack-WineRackUITests.release.xcconfig */;
			buildSettings = {
				ALWAYS_EMBED_SWIFT_STANDARD_LIBRARIES = YES;
				CODE_SIGN_STYLE = Automatic;
				CURRENT_PROJECT_VERSION = 1;
				DEVELOPMENT_TEAM = V2H75DGNY6;
				GENERATE_INFOPLIST_FILE = YES;
				MARKETING_VERSION = 1.0;
				PRODUCT_BUNDLE_IDENTIFIER = wwcc.WineRackUITests;
				PRODUCT_NAME = "$(TARGET_NAME)";
				SWIFT_EMIT_LOC_STRINGS = NO;
				SWIFT_VERSION = 5.0;
				TARGETED_DEVICE_FAMILY = "1,2";
				TEST_TARGET_NAME = WineRack;
			};
			name = Release;
		};
/* End XCBuildConfiguration section */

/* Begin XCConfigurationList section */
		3A2245502835AB3C00798AE4 /* Build configuration list for PBXProject "WineRack" */ = {
			isa = XCConfigurationList;
			buildConfigurations = (
				3A2245802835AB3D00798AE4 /* Debug */,
				3A2245812835AB3D00798AE4 /* Release */,
			);
			defaultConfigurationIsVisible = 0;
			defaultConfigurationName = Release;
		};
		3A2245822835AB3D00798AE4 /* Build configuration list for PBXNativeTarget "WineRack" */ = {
			isa = XCConfigurationList;
			buildConfigurations = (
				3A2245832835AB3D00798AE4 /* Debug */,
				3A2245842835AB3D00798AE4 /* Release */,
			);
			defaultConfigurationIsVisible = 0;
			defaultConfigurationName = Release;
		};
		3A2245852835AB3D00798AE4 /* Build configuration list for PBXNativeTarget "WineRackTests" */ = {
			isa = XCConfigurationList;
			buildConfigurations = (
				3A2245862835AB3D00798AE4 /* Debug */,
				3A2245872835AB3D00798AE4 /* Release */,
			);
			defaultConfigurationIsVisible = 0;
			defaultConfigurationName = Release;
		};
		3A2245882835AB3D00798AE4 /* Build configuration list for PBXNativeTarget "WineRackUITests" */ = {
			isa = XCConfigurationList;
			buildConfigurations = (
				3A2245892835AB3D00798AE4 /* Debug */,
				3A22458A2835AB3D00798AE4 /* Release */,
			);
			defaultConfigurationIsVisible = 0;
			defaultConfigurationName = Release;
		};
/* End XCConfigurationList section */

/* Begin XCVersionGroup section */
		3A2245612835AB3C00798AE4 /* WineRack.xcdatamodeld */ = {
			isa = XCVersionGroup;
			children = (
				3A2245622835AB3C00798AE4 /* WineRack.xcdatamodel */,
			);
			currentVersion = 3A2245622835AB3C00798AE4 /* WineRack.xcdatamodel */;
			path = WineRack.xcdatamodeld;
			sourceTree = "<group>";
			versionGroupType = wrapper.xcdatamodel;
		};
/* End XCVersionGroup section */
	};
	rootObject = 3A22454D2835AB3C00798AE4 /* Project object */;
}
